// !$*UTF8*$!
{
	archiveVersion = 1;
	classes = {
	};
	objectVersion = 50;
	objects = {

/* Begin PBXBuildFile section */
		644430884697EEB6E7CCB1F4 /* Pods_Todoey.framework in Frameworks */ = {isa = PBXBuildFile; fileRef = 3F241CD13DD8505CCCE88D9F /* Pods_Todoey.framework */; };
		E70B632D220909EC00B59CC1 /* AppDelegate.swift in Sources */ = {isa = PBXBuildFile; fileRef = E70B632C220909EC00B59CC1 /* AppDelegate.swift */; };
		E70B632F220909EC00B59CC1 /* ToDoListViewController.swift in Sources */ = {isa = PBXBuildFile; fileRef = E70B632E220909EC00B59CC1 /* ToDoListViewController.swift */; };
		E70B6332220909EC00B59CC1 /* Main.storyboard in Resources */ = {isa = PBXBuildFile; fileRef = E70B6330220909EC00B59CC1 /* Main.storyboard */; };
		E70B6334220909EC00B59CC1 /* Assets.xcassets in Resources */ = {isa = PBXBuildFile; fileRef = E70B6333220909EC00B59CC1 /* Assets.xcassets */; };
		E70B6337220909EC00B59CC1 /* LaunchScreen.storyboard in Resources */ = {isa = PBXBuildFile; fileRef = E70B6335220909EC00B59CC1 /* LaunchScreen.storyboard */; };
		E76A2288220FB8B400D31EEA /* CategoryViewController.swift in Sources */ = {isa = PBXBuildFile; fileRef = E76A2287220FB8B400D31EEA /* CategoryViewController.swift */; };
		E7A0DF0D2210C31700EAE0D9 /* Item.swift in Sources */ = {isa = PBXBuildFile; fileRef = E7A0DF0C2210C31700EAE0D9 /* Item.swift */; };
		E7A0DF0F2210C32400EAE0D9 /* Category.swift in Sources */ = {isa = PBXBuildFile; fileRef = E7A0DF0E2210C32400EAE0D9 /* Category.swift */; };
/* End PBXBuildFile section */

/* Begin PBXFileReference section */
		3F241CD13DD8505CCCE88D9F /* Pods_Todoey.framework */ = {isa = PBXFileReference; explicitFileType = wrapper.framework; includeInIndex = 0; path = Pods_Todoey.framework; sourceTree = BUILT_PRODUCTS_DIR; };
		5E47D609DC643357D8E54974 /* Pods-Todoey.debug.xcconfig */ = {isa = PBXFileReference; includeInIndex = 1; lastKnownFileType = text.xcconfig; name = "Pods-Todoey.debug.xcconfig"; path = "Pods/Target Support Files/Pods-Todoey/Pods-Todoey.debug.xcconfig"; sourceTree = "<group>"; };
		DABDC018A37D6ADFC3E8C4F8 /* Pods-Todoey.release.xcconfig */ = {isa = PBXFileReference; includeInIndex = 1; lastKnownFileType = text.xcconfig; name = "Pods-Todoey.release.xcconfig"; path = "Pods/Target Support Files/Pods-Todoey/Pods-Todoey.release.xcconfig"; sourceTree = "<group>"; };
		E70B6329220909EC00B59CC1 /* Todoey.app */ = {isa = PBXFileReference; explicitFileType = wrapper.application; includeInIndex = 0; path = Todoey.app; sourceTree = BUILT_PRODUCTS_DIR; };
		E70B632C220909EC00B59CC1 /* AppDelegate.swift */ = {isa = PBXFileReference; lastKnownFileType = sourcecode.swift; path = AppDelegate.swift; sourceTree = "<group>"; };
		E70B632E220909EC00B59CC1 /* ToDoListViewController.swift */ = {isa = PBXFileReference; lastKnownFileType = sourcecode.swift; path = ToDoListViewController.swift; sourceTree = "<group>"; };
		E70B6331220909EC00B59CC1 /* Base */ = {isa = PBXFileReference; lastKnownFileType = file.storyboard; name = Base; path = Base.lproj/Main.storyboard; sourceTree = "<group>"; };
		E70B6333220909EC00B59CC1 /* Assets.xcassets */ = {isa = PBXFileReference; lastKnownFileType = folder.assetcatalog; path = Assets.xcassets; sourceTree = "<group>"; };
		E70B6336220909EC00B59CC1 /* Base */ = {isa = PBXFileReference; lastKnownFileType = file.storyboard; name = Base; path = Base.lproj/LaunchScreen.storyboard; sourceTree = "<group>"; };
		E70B6338220909EC00B59CC1 /* Info.plist */ = {isa = PBXFileReference; lastKnownFileType = text.plist.xml; path = Info.plist; sourceTree = "<group>"; };
		E76A2287220FB8B400D31EEA /* CategoryViewController.swift */ = {isa = PBXFileReference; lastKnownFileType = sourcecode.swift; path = CategoryViewController.swift; sourceTree = "<group>"; };
		E7A0DF0C2210C31700EAE0D9 /* Item.swift */ = {isa = PBXFileReference; lastKnownFileType = sourcecode.swift; path = Item.swift; sourceTree = "<group>"; };
		E7A0DF0E2210C32400EAE0D9 /* Category.swift */ = {isa = PBXFileReference; lastKnownFileType = sourcecode.swift; path = Category.swift; sourceTree = "<group>"; };
/* End PBXFileReference section */

/* Begin PBXFrameworksBuildPhase section */
		E70B6326220909EC00B59CC1 /* Frameworks */ = {
			isa = PBXFrameworksBuildPhase;
			buildActionMask = 2147483647;
			files = (
				644430884697EEB6E7CCB1F4 /* Pods_Todoey.framework in Frameworks */,
			);
			runOnlyForDeploymentPostprocessing = 0;
		};
/* End PBXFrameworksBuildPhase section */

/* Begin PBXGroup section */
		62CB2F53084B0F603078E3C7 /* Pods */ = {
			isa = PBXGroup;
			children = (
				5E47D609DC643357D8E54974 /* Pods-Todoey.debug.xcconfig */,
				DABDC018A37D6ADFC3E8C4F8 /* Pods-Todoey.release.xcconfig */,
			);
			name = Pods;
			sourceTree = "<group>";
		};
		C6B47BE0E3C91A708B7088B2 /* Frameworks */ = {
			isa = PBXGroup;
			children = (
				3F241CD13DD8505CCCE88D9F /* Pods_Todoey.framework */,
			);
			name = Frameworks;
			sourceTree = "<group>";
		};
		E70B6320220909EC00B59CC1 = {
			isa = PBXGroup;
			children = (
				E70B632B220909EC00B59CC1 /* Todoey */,
				E70B632A220909EC00B59CC1 /* Products */,
				62CB2F53084B0F603078E3C7 /* Pods */,
				C6B47BE0E3C91A708B7088B2 /* Frameworks */,
			);
			sourceTree = "<group>";
		};
		E70B632A220909EC00B59CC1 /* Products */ = {
			isa = PBXGroup;
			children = (
				E70B6329220909EC00B59CC1 /* Todoey.app */,
			);
			name = Products;
			sourceTree = "<group>";
		};
		E70B632B220909EC00B59CC1 /* Todoey */ = {
			isa = PBXGroup;
			children = (
				E76362D8220E878C001A39D0 /* Models */,
				E76362DB220E88EB001A39D0 /* Controllers */,
				E76362DC220E88FF001A39D0 /* Views */,
				E76362DD220E890E001A39D0 /* Supporting Files */,
				E70B632C220909EC00B59CC1 /* AppDelegate.swift */,
				E70B6338220909EC00B59CC1 /* Info.plist */,
			);
			path = Todoey;
			sourceTree = "<group>";
		};
		E76362D8220E878C001A39D0 /* Models */ = {
			isa = PBXGroup;
			children = (
				E7A0DF0E2210C32400EAE0D9 /* Category.swift */,
				E7A0DF0C2210C31700EAE0D9 /* Item.swift */,
			);
			path = Models;
			sourceTree = "<group>";
		};
		E76362DB220E88EB001A39D0 /* Controllers */ = {
			isa = PBXGroup;
			children = (
				E76A2287220FB8B400D31EEA /* CategoryViewController.swift */,
				E70B632E220909EC00B59CC1 /* ToDoListViewController.swift */,
			);
			path = Controllers;
			sourceTree = "<group>";
		};
		E76362DC220E88FF001A39D0 /* Views */ = {
			isa = PBXGroup;
			children = (
				E70B6330220909EC00B59CC1 /* Main.storyboard */,
			);
			path = Views;
			sourceTree = "<group>";
		};
		E76362DD220E890E001A39D0 /* Supporting Files */ = {
			isa = PBXGroup;
			children = (
				E70B6333220909EC00B59CC1 /* Assets.xcassets */,
				E70B6335220909EC00B59CC1 /* LaunchScreen.storyboard */,
			);
			path = "Supporting Files";
			sourceTree = "<group>";
		};
/* End PBXGroup section */

/* Begin PBXNativeTarget section */
		E70B6328220909EC00B59CC1 /* Todoey */ = {
			isa = PBXNativeTarget;
			buildConfigurationList = E70B633B220909EC00B59CC1 /* Build configuration list for PBXNativeTarget "Todoey" */;
			buildPhases = (
				2071341E4557DE0B49E03E12 /* [CP] Check Pods Manifest.lock */,
				E70B6325220909EC00B59CC1 /* Sources */,
				E70B6326220909EC00B59CC1 /* Frameworks */,
				E70B6327220909EC00B59CC1 /* Resources */,
				D5D34944588693B2BBE60B2A /* [CP] Embed Pods Frameworks */,
			);
			buildRules = (
			);
			dependencies = (
			);
			name = Todoey;
			productName = Todoey;
			productReference = E70B6329220909EC00B59CC1 /* Todoey.app */;
			productType = "com.apple.product-type.application";
		};
/* End PBXNativeTarget section */

/* Begin PBXProject section */
		E70B6321220909EC00B59CC1 /* Project object */ = {
			isa = PBXProject;
			attributes = {
				LastSwiftUpdateCheck = 1010;
				LastUpgradeCheck = 1010;
				ORGANIZATIONNAME = Ambam;
				TargetAttributes = {
					E70B6328220909EC00B59CC1 = {
						CreatedOnToolsVersion = 10.1;
					};
				};
			};
			buildConfigurationList = E70B6324220909EC00B59CC1 /* Build configuration list for PBXProject "Todoey" */;
			compatibilityVersion = "Xcode 9.3";
			developmentRegion = en;
			hasScannedForEncodings = 0;
			knownRegions = (
				en,
				Base,
			);
			mainGroup = E70B6320220909EC00B59CC1;
			productRefGroup = E70B632A220909EC00B59CC1 /* Products */;
			projectDirPath = "";
			projectRoot = "";
			targets = (
				E70B6328220909EC00B59CC1 /* Todoey */,
			);
		};
/* End PBXProject section */

/* Begin PBXResourcesBuildPhase section */
		E70B6327220909EC00B59CC1 /* Resources */ = {
			isa = PBXResourcesBuildPhase;
			buildActionMask = 2147483647;
			files = (
				E70B6337220909EC00B59CC1 /* LaunchScreen.storyboard in Resources */,
				E70B6334220909EC00B59CC1 /* Assets.xcassets in Resources */,
				E70B6332220909EC00B59CC1 /* Main.storyboard in Resources */,
			);
			runOnlyForDeploymentPostprocessing = 0;
		};
/* End PBXResourcesBuildPhase section */

/* Begin PBXShellScriptBuildPhase section */
		2071341E4557DE0B49E03E12 /* [CP] Check Pods Manifest.lock */ = {
			isa = PBXShellScriptBuildPhase;
			buildActionMask = 2147483647;
			files = (
			);
			inputFileListPaths = (
			);
			inputPaths = (
				"${PODS_PODFILE_DIR_PATH}/Podfile.lock",
				"${PODS_ROOT}/Manifest.lock",
			);
			name = "[CP] Check Pods Manifest.lock";
			outputFileListPaths = (
			);
			outputPaths = (
				"$(DERIVED_FILE_DIR)/Pods-Todoey-checkManifestLockResult.txt",
			);
			runOnlyForDeploymentPostprocessing = 0;
			shellPath = /bin/sh;
			shellScript = "diff \"${PODS_PODFILE_DIR_PATH}/Podfile.lock\" \"${PODS_ROOT}/Manifest.lock\" > /dev/null\nif [ $? != 0 ] ; then\n    # print error to STDERR\n    echo \"error: The sandbox is not in sync with the Podfile.lock. Run 'pod install' or update your CocoaPods installation.\" >&2\n    exit 1\nfi\n# This output is used by Xcode 'outputs' to avoid re-running this script phase.\necho \"SUCCESS\" > \"${SCRIPT_OUTPUT_FILE_0}\"\n";
			showEnvVarsInLog = 0;
		};
		D5D34944588693B2BBE60B2A /* [CP] Embed Pods Frameworks */ = {
			isa = PBXShellScriptBuildPhase;
			buildActionMask = 2147483647;
			files = (
			);
			inputFileListPaths = (
			);
			inputPaths = (
				"${SRCROOT}/Pods/Target Support Files/Pods-Todoey/Pods-Todoey-frameworks.sh",
				"${BUILT_PRODUCTS_DIR}/Realm/Realm.framework",
				"${BUILT_PRODUCTS_DIR}/RealmSwift/RealmSwift.framework",
			);
			name = "[CP] Embed Pods Frameworks";
			outputFileListPaths = (
			);
			outputPaths = (
				"${TARGET_BUILD_DIR}/${FRAMEWORKS_FOLDER_PATH}/Realm.framework",
				"${TARGET_BUILD_DIR}/${FRAMEWORKS_FOLDER_PATH}/RealmSwift.framework",
			);
			runOnlyForDeploymentPostprocessing = 0;
			shellPath = /bin/sh;
			shellScript = "\"${SRCROOT}/Pods/Target Support Files/Pods-Todoey/Pods-Todoey-frameworks.sh\"\n";
			showEnvVarsInLog = 0;
		};
/* End PBXShellScriptBuildPhase section */

/* Begin PBXSourcesBuildPhase section */
		E70B6325220909EC00B59CC1 /* Sources */ = {
			isa = PBXSourcesBuildPhase;
			buildActionMask = 2147483647;
			files = (
				E7A0DF0D2210C31700EAE0D9 /* Item.swift in Sources */,
				E76A2288220FB8B400D31EEA /* CategoryViewController.swift in Sources */,
				E70B632F220909EC00B59CC1 /* ToDoListViewController.swift in Sources */,
				E70B632D220909EC00B59CC1 /* AppDelegate.swift in Sources */,
				E7A0DF0F2210C32400EAE0D9 /* Category.swift in Sources */,
			);
			runOnlyForDeploymentPostprocessing = 0;
		};
/* End PBXSourcesBuildPhase section */

/* Begin PBXVariantGroup section */
		E70B6330220909EC00B59CC1 /* Main.storyboard */ = {
			isa = PBXVariantGroup;
			children = (
				E70B6331220909EC00B59CC1 /* Base */,
			);
			name = Main.storyboard;
			sourceTree = "<group>";
		};
		E70B6335220909EC00B59CC1 /* LaunchScreen.storyboard */ = {
			isa = PBXVariantGroup;
			children = (
				E70B6336220909EC00B59CC1 /* Base */,
			);
			name = LaunchScreen.storyboard;
			sourceTree = "<group>";
		};
/* End PBXVariantGroup section */

/* Begin XCBuildConfiguration section */
		E70B6339220909EC00B59CC1 /* Debug */ = {
			isa = XCBuildConfiguration;
			buildSettings = {
				ALWAYS_SEARCH_USER_PATHS = NO;
				CLANG_ANALYZER_NONNULL = YES;
				CLANG_ANALYZER_NUMBER_OBJECT_CONVERSION = YES_AGGRESSIVE;
				CLANG_CXX_LANGUAGE_STANDARD = "gnu++14";
				CLANG_CXX_LIBRARY = "libc++";
				CLANG_ENABLE_MODULES = YES;
				CLANG_ENABLE_OBJC_ARC = YES;
				CLANG_ENABLE_OBJC_WEAK = YES;
				CLANG_WARN_BLOCK_CAPTURE_AUTORELEASING = YES;
				CLANG_WARN_BOOL_CONVERSION = YES;
				CLANG_WARN_COMMA = YES;
				CLANG_WARN_CONSTANT_CONVERSION = YES;
				CLANG_WARN_DEPRECATED_OBJC_IMPLEMENTATIONS = YES;
				CLANG_WARN_DIRECT_OBJC_ISA_USAGE = YES_ERROR;
				CLANG_WARN_DOCUMENTATION_COMMENTS = YES;
				CLANG_WARN_EMPTY_BODY = YES;
				CLANG_WARN_ENUM_CONVERSION = YES;
				CLANG_WARN_INFINITE_RECURSION = YES;
				CLANG_WARN_INT_CONVERSION = YES;
				CLANG_WARN_NON_LITERAL_NULL_CONVERSION = YES;
				CLANG_WARN_OBJC_IMPLICIT_RETAIN_SELF = YES;
				CLANG_WARN_OBJC_LITERAL_CONVERSION = YES;
				CLANG_WARN_OBJC_ROOT_CLASS = YES_ERROR;
				CLANG_WARN_RANGE_LOOP_ANALYSIS = YES;
				CLANG_WARN_STRICT_PROTOTYPES = YES;
				CLANG_WARN_SUSPICIOUS_MOVE = YES;
				CLANG_WARN_UNGUARDED_AVAILABILITY = YES_AGGRESSIVE;
				CLANG_WARN_UNREACHABLE_CODE = YES;
				CLANG_WARN__DUPLICATE_METHOD_MATCH = YES;
				CODE_SIGN_IDENTITY = "iPhone Developer";
				COPY_PHASE_STRIP = NO;
				DEBUG_INFORMATION_FORMAT = dwarf;
				ENABLE_STRICT_OBJC_MSGSEND = YES;
				ENABLE_TESTABILITY = YES;
				GCC_C_LANGUAGE_STANDARD = gnu11;
				GCC_DYNAMIC_NO_PIC = NO;
				GCC_NO_COMMON_BLOCKS = YES;
				GCC_OPTIMIZATION_LEVEL = 0;
				GCC_PREPROCESSOR_DEFINITIONS = (
					"DEBUG=1",
					"$(inherited)",
				);
				GCC_WARN_64_TO_32_BIT_CONVERSION = YES;
				GCC_WARN_ABOUT_RETURN_TYPE = YES_ERROR;
				GCC_WARN_UNDECLARED_SELECTOR = YES;
				GCC_WARN_UNINITIALIZED_AUTOS = YES_AGGRESSIVE;
				GCC_WARN_UNUSED_FUNCTION = YES;
				GCC_WARN_UNUSED_VARIABLE = YES;
				IPHONEOS_DEPLOYMENT_TARGET = 12.1;
				MTL_ENABLE_DEBUG_INFO = INCLUDE_SOURCE;
				MTL_FAST_MATH = YES;
				ONLY_ACTIVE_ARCH = YES;
				SDKROOT = iphoneos;
				SWIFT_ACTIVE_COMPILATION_CONDITIONS = DEBUG;
				SWIFT_OPTIMIZATION_LEVEL = "-Onone";
			};
			name = Debug;
		};
		E70B633A220909EC00B59CC1 /* Release */ = {
			isa = XCBuildConfiguration;
			buildSettings = {
				ALWAYS_SEARCH_USER_PATHS = NO;
				CLANG_ANALYZER_NONNULL = YES;
				CLANG_ANALYZER_NUMBER_OBJECT_CONVERSION = YES_AGGRESSIVE;
				CLANG_CXX_LANGUAGE_STANDARD = "gnu++14";
				CLANG_CXX_LIBRARY = "libc++";
				CLANG_ENABLE_MODULES = YES;
				CLANG_ENABLE_OBJC_ARC = YES;
				CLANG_ENABLE_OBJC_WEAK = YES;
				CLANG_WARN_BLOCK_CAPTURE_AUTORELEASING = YES;
				CLANG_WARN_BOOL_CONVERSION = YES;
				CLANG_WARN_COMMA = YES;
				CLANG_WARN_CONSTANT_CONVERSION = YES;
				CLANG_WARN_DEPRECATED_OBJC_IMPLEMENTATIONS = YES;
				CLANG_WARN_DIRECT_OBJC_ISA_USAGE = YES_ERROR;
				CLANG_WARN_DOCUMENTATION_COMMENTS = YES;
				CLANG_WARN_EMPTY_BODY = YES;
				CLANG_WARN_ENUM_CONVERSION = YES;
				CLANG_WARN_INFINITE_RECURSION = YES;
				CLANG_WARN_INT_CONVERSION = YES;
				CLANG_WARN_NON_LITERAL_NULL_CONVERSION = YES;
				CLANG_WARN_OBJC_IMPLICIT_RETAIN_SELF = YES;
				CLANG_WARN_OBJC_LITERAL_CONVERSION = YES;
				CLANG_WARN_OBJC_ROOT_CLASS = YES_ERROR;
				CLANG_WARN_RANGE_LOOP_ANALYSIS = YES;
				CLANG_WARN_STRICT_PROTOTYPES = YES;
				CLANG_WARN_SUSPICIOUS_MOVE = YES;
				CLANG_WARN_UNGUARDED_AVAILABILITY = YES_AGGRESSIVE;
				CLANG_WARN_UNREACHABLE_CODE = YES;
				CLANG_WARN__DUPLICATE_METHOD_MATCH = YES;
				CODE_SIGN_IDENTITY = "iPhone Developer";
				COPY_PHASE_STRIP = NO;
				DEBUG_INFORMATION_FORMAT = "dwarf-with-dsym";
				ENABLE_NS_ASSERTIONS = NO;
				ENABLE_STRICT_OBJC_MSGSEND = YES;
				GCC_C_LANGUAGE_STANDARD = gnu11;
				GCC_NO_COMMON_BLOCKS = YES;
				GCC_WARN_64_TO_32_BIT_CONVERSION = YES;
				GCC_WARN_ABOUT_RETURN_TYPE = YES_ERROR;
				GCC_WARN_UNDECLARED_SELECTOR = YES;
				GCC_WARN_UNINITIALIZED_AUTOS = YES_AGGRESSIVE;
				GCC_WARN_UNUSED_FUNCTION = YES;
				GCC_WARN_UNUSED_VARIABLE = YES;
				IPHONEOS_DEPLOYMENT_TARGET = 12.1;
				MTL_ENABLE_DEBUG_INFO = NO;
				MTL_FAST_MATH = YES;
				SDKROOT = iphoneos;
				SWIFT_COMPILATION_MODE = wholemodule;
				SWIFT_OPTIMIZATION_LEVEL = "-O";
				VALIDATE_PRODUCT = YES;
			};
			name = Release;
		};
		E70B633C220909EC00B59CC1 /* Debug */ = {
			isa = XCBuildConfiguration;
			baseConfigurationReference = 5E47D609DC643357D8E54974 /* Pods-Todoey.debug.xcconfig */;
			buildSettings = {
				ASSETCATALOG_COMPILER_APPICON_NAME = AppIcon;
				CODE_SIGN_STYLE = Automatic;
				DEVELOPMENT_TEAM = RXY6KQ4TW8;
				INFOPLIST_FILE = Todoey/Info.plist;
				LD_RUNPATH_SEARCH_PATHS = (
					"$(inherited)",
					"@executable_path/Frameworks",
				);
				PRODUCT_BUNDLE_IDENTIFIER = com.PaulThi.Todoey;
				PRODUCT_NAME = "$(TARGET_NAME)";
				SWIFT_VERSION = 4.2;
				TARGETED_DEVICE_FAMILY = "1,2";
			};
			name = Debug;
		};
		E70B633D220909EC00B59CC1 /* Release */ = {
			isa = XCBuildConfiguration;
			baseConfigurationReference = DABDC018A37D6ADFC3E8C4F8 /* Pods-Todoey.release.xcconfig */;
			buildSettings = {
				ASSETCATALOG_COMPILER_APPICON_NAME = AppIcon;
				CODE_SIGN_STYLE = Automatic;
				DEVELOPMENT_TEAM = RXY6KQ4TW8;
				INFOPLIST_FILE = Todoey/Info.plist;
				LD_RUNPATH_SEARCH_PATHS = (
					"$(inherited)",
					"@executable_path/Frameworks",
				);
				PRODUCT_BUNDLE_IDENTIFIER = com.PaulThi.Todoey;
				PRODUCT_NAME = "$(TARGET_NAME)";
				SWIFT_VERSION = 4.2;
				TARGETED_DEVICE_FAMILY = "1,2";
			};
			name = Release;
		};
/* End XCBuildConfiguration section */

/* Begin XCConfigurationList section */
		E70B6324220909EC00B59CC1 /* Build configuration list for PBXProject "Todoey" */ = {
			isa = XCConfigurationList;
			buildConfigurations = (
				E70B6339220909EC00B59CC1 /* Debug */,
				E70B633A220909EC00B59CC1 /* Release */,
			);
			defaultConfigurationIsVisible = 0;
			defaultConfigurationName = Release;
		};
		E70B633B220909EC00B59CC1 /* Build configuration list for PBXNativeTarget "Todoey" */ = {
			isa = XCConfigurationList;
			buildConfigurations = (
				E70B633C220909EC00B59CC1 /* Debug */,
				E70B633D220909EC00B59CC1 /* Release */,
			);
			defaultConfigurationIsVisible = 0;
			defaultConfigurationName = Release;
		};
/* End XCConfigurationList section */
	};
	rootObject = E70B6321220909EC00B59CC1 /* Project object */;
}
